// !$*UTF8*$!
{
	archiveVersion = 1;
	classes = {
	};
	objectVersion = 77;
	objects = {

/* Begin PBXContainerItemProxy section */
		3D9C5D292F68A95600D34C9D /* PBXContainerItemProxy */ = {
			isa = PBXContainerItemProxy;
			containerPortal = 3D9C5D112F68A95400D34C9D /* Project object */;
			proxyType = 1;
			remoteGlobalIDString = 3D9C5D182F68A95400D34C9D;
			remoteInfo = Nitche;
		};
		3D9C5D332F68A95600D34C9D /* PBXContainerItemProxy */ = {
			isa = PBXContainerItemProxy;
			containerPortal = 3D9C5D112F68A95400D34C9D /* Project object */;
			proxyType = 1;
			remoteGlobalIDString = 3D9C5D182F68A95400D34C9D;
			remoteInfo = Nitche;
		};
/* End PBXContainerItemProxy section */

/* Begin PBXFileReference section */
		3D9C5D192F68A95400D34C9D /* Nitche.app */ = {isa = PBXFileReference; explicitFileType = wrapper.application; includeInIndex = 0; path = Nitche.app; sourceTree = BUILT_PRODUCTS_DIR; };
		3D9C5D282F68A95600D34C9D /* NitcheTests.xctest */ = {isa = PBXFileReference; explicitFileType = wrapper.cfbundle; includeInIndex = 0; path = NitcheTests.xctest; sourceTree = BUILT_PRODUCTS_DIR; };
		3D9C5D322F68A95600D34C9D /* NitcheUITests.xctest */ = {isa = PBXFileReference; explicitFileType = wrapper.cfbundle; includeInIndex = 0; path = NitcheUITests.xctest; sourceTree = BUILT_PRODUCTS_DIR; };
/* End PBXFileReference section */

/* Begin PBXFileSystemSynchronizedRootGroup section */
		3D9C5D1B2F68A95400D34C9D /* Nitche */ = {
			isa = PBXFileSystemSynchronizedRootGroup;
			path = Nitche;
			sourceTree = "<group>";
		};
		3D9C5D2B2F68A95600D34C9D /* NitcheTests */ = {
			isa = PBXFileSystemSynchronizedRootGroup;
			path = NitcheTests;
			sourceTree = "<group>";
		};
		3D9C5D352F68A95600D34C9D /* NitcheUITests */ = {
			isa = PBXFileSystemSynchronizedRootGroup;
			path = NitcheUITests;
			sourceTree = "<group>";
		};
/* End PBXFileSystemSynchronizedRootGroup section */

/* Begin PBXFrameworksBuildPhase section */
		3D9C5D162F68A95400D34C9D /* Frameworks */ = {
			isa = PBXFrameworksBuildPhase;
			buildActionMask = 2147483647;
			files = (
			);
			runOnlyForDeploymentPostprocessing = 0;
		};
		3D9C5D252F68A95600D34C9D /* Frameworks */ = {
			isa = PBXFrameworksBuildPhase;
			buildActionMask = 2147483647;
			files = (
			);
			runOnlyForDeploymentPostprocessing = 0;
		};
		3D9C5D2F2F68A95600D34C9D /* Frameworks */ = {
			isa = PBXFrameworksBuildPhase;
			buildActionMask = 2147483647;
			files = (
			);
			runOnlyForDeploymentPostprocessing = 0;
		};
/* End PBXFrameworksBuildPhase section */

/* Begin PBXGroup section */
		3D9C5D102F68A95400D34C9D = {
			isa = PBXGroup;
			children = (
				3D9C5D1B2F68A95400D34C9D /* Nitche */,
				3D9C5D2B2F68A95600D34C9D /* NitcheTests */,
				3D9C5D352F68A95600D34C9D /* NitcheUITests */,
				3D9C5D1A2F68A95400D34C9D /* Products */,
			);
			sourceTree = "<group>";
		};
		3D9C5D1A2F68A95400D34C9D /* Products */ = {
			isa = PBXGroup;
			children = (
				3D9C5D192F68A95400D34C9D /* Nitche.app */,
				3D9C5D282F68A95600D34C9D /* NitcheTests.xctest */,
				3D9C5D322F68A95600D34C9D /* NitcheUITests.xctest */,
			);
			name = Products;
			sourceTree = "<group>";
		};
/* End PBXGroup section */

/* Begin PBXNativeTarget section */
		3D9C5D182F68A95400D34C9D /* Nitche */ = {
			isa = PBXNativeTarget;
			buildConfigurationList = 3D9C5D3C2F68A95600D34C9D /* Build configuration list for PBXNativeTarget "Nitche" */;
			buildPhases = (
				3D9C5D152F68A95400D34C9D /* Sources */,
				3D9C5D162F68A95400D34C9D /* Frameworks */,
				3D9C5D172F68A95400D34C9D /* Resources */,
				4F2A3B5C6D7E8F9012345678 /* Build Fan Helper */,
			);
			buildRules = (
			);
			dependencies = (
			);
			fileSystemSynchronizedGroups = (
				3D9C5D1B2F68A95400D34C9D /* Nitche */,
			);
			name = Nitche;
			packageProductDependencies = (
			);
			productName = Nitche;
			productReference = 3D9C5D192F68A95400D34C9D /* Nitche.app */;
			productType = "com.apple.product-type.application";
		};
		3D9C5D272F68A95600D34C9D /* NitcheTests */ = {
			isa = PBXNativeTarget;
			buildConfigurationList = 3D9C5D3F2F68A95600D34C9D /* Build configuration list for PBXNativeTarget "NitcheTests" */;
			buildPhases = (
				3D9C5D242F68A95600D34C9D /* Sources */,
				3D9C5D252F68A95600D34C9D /* Frameworks */,
				3D9C5D262F68A95600D34C9D /* Resources */,
			);
			buildRules = (
			);
			dependencies = (
				3D9C5D2A2F68A95600D34C9D /* PBXTargetDependency */,
			);
			fileSystemSynchronizedGroups = (
				3D9C5D2B2F68A95600D34C9D /* NitcheTests */,
			);
			name = NitcheTests;
			packageProductDependencies = (
			);
			productName = NitcheTests;
			productReference = 3D9C5D282F68A95600D34C9D /* NitcheTests.xctest */;
			productType = "com.apple.product-type.bundle.unit-test";
		};
		3D9C5D312F68A95600D34C9D /* NitcheUITests */ = {
			isa = PBXNativeTarget;
			buildConfigurationList = 3D9C5D422F68A95600D34C9D /* Build configuration list for PBXNativeTarget "NitcheUITests" */;
			buildPhases = (
				3D9C5D2E2F68A95600D34C9D /* Sources */,
				3D9C5D2F2F68A95600D34C9D /* Frameworks */,
				3D9C5D302F68A95600D34C9D /* Resources */,
			);
			buildRules = (
			);
			dependencies = (
				3D9C5D342F68A95600D34C9D /* PBXTargetDependency */,
			);
			fileSystemSynchronizedGroups = (
				3D9C5D352F68A95600D34C9D /* NitcheUITests */,
			);
			name = NitcheUITests;
			packageProductDependencies = (
			);
			productName = NitcheUITests;
			productReference = 3D9C5D322F68A95600D34C9D /* NitcheUITests.xctest */;
			productType = "com.apple.product-type.bundle.ui-testing";
		};
/* End PBXNativeTarget section */

/* Begin PBXProject section */
		3D9C5D112F68A95400D34C9D /* Project object */ = {
			isa = PBXProject;
			attributes = {
				BuildIndependentTargetsInParallel = 1;
				LastSwiftUpdateCheck = 2630;
				LastUpgradeCheck = 2640;
				TargetAttributes = {
					3D9C5D182F68A95400D34C9D = {
						CreatedOnToolsVersion = 26.3;
					};
					3D9C5D272F68A95600D34C9D = {
						CreatedOnToolsVersion = 26.3;
						TestTargetID = 3D9C5D182F68A95400D34C9D;
					};
					3D9C5D312F68A95600D34C9D = {
						CreatedOnToolsVersion = 26.3;
						TestTargetID = 3D9C5D182F68A95400D34C9D;
					};
				};
			};
			buildConfigurationList = 3D9C5D142F68A95400D34C9D /* Build configuration list for PBXProject "Nitche" */;
			developmentRegion = en;
			hasScannedForEncodings = 0;
			knownRegions = (
				en,
				Base,
			);
			mainGroup = 3D9C5D102F68A95400D34C9D;
			minimizedProjectReferenceProxies = 1;
			preferredProjectObjectVersion = 77;
			productRefGroup = 3D9C5D1A2F68A95400D34C9D /* Products */;
			projectDirPath = "";
			projectRoot = "";
			targets = (
				3D9C5D182F68A95400D34C9D /* Nitche */,
				3D9C5D272F68A95600D34C9D /* NitcheTests */,
				3D9C5D312F68A95600D34C9D /* NitcheUITests */,
			);
		};
/* End PBXProject section */

/* Begin PBXResourcesBuildPhase section */
		3D9C5D172F68A95400D34C9D /* Resources */ = {
			isa = PBXResourcesBuildPhase;
			buildActionMask = 2147483647;
			files = (
			);
			runOnlyForDeploymentPostprocessing = 0;
		};
		3D9C5D262F68A95600D34C9D /* Resources */ = {
			isa = PBXResourcesBuildPhase;
			buildActionMask = 2147483647;
			files = (
			);
			runOnlyForDeploymentPostprocessing = 0;
		};
		3D9C5D302F68A95600D34C9D /* Resources */ = {
			isa = PBXResourcesBuildPhase;
			buildActionMask = 2147483647;
			files = (
			);
			runOnlyForDeploymentPostprocessing = 0;
		};
/* End PBXResourcesBuildPhase section */

/* Begin PBXShellScriptBuildPhase section */
		4F2A3B5C6D7E8F9012345678 /* Build Fan Helper */ = {
			isa = PBXShellScriptBuildPhase;
			alwaysOutOfDate = 1;
			buildActionMask = 2147483647;
			files = (
			);
			inputFileListPaths = (
			);
			inputPaths = (
				"$(SRCROOT)/Tools/NitcheFanTool/main.c",
				"$(SRCROOT)/Tools/NitcheFanTool/fatihyavuz.Nitche.FanDaemon.v4.plist",
			);
			name = "Build Fan Helper";
			outputFileListPaths = (
			);
			outputPaths = (
				"$(TARGET_BUILD_DIR)/$(UNLOCALIZED_RESOURCES_FOLDER_PATH)/NitcheFanTool",
				"$(TARGET_BUILD_DIR)/$(CONTENTS_FOLDER_PATH)/Library/LaunchServices/NitcheFanDaemon",
				"$(TARGET_BUILD_DIR)/$(CONTENTS_FOLDER_PATH)/Library/LaunchDaemons/fatihyavuz.Nitche.FanDaemon.v4.plist",
			);
			runOnlyForDeploymentPostprocessing = 0;
			shellPath = /bin/sh;
			shellScript = "set -e\nHELPER_OUT=\"${TARGET_BUILD_DIR}/${UNLOCALIZED_RESOURCES_FOLDER_PATH}/NitcheFanTool\"\nDAEMON_OUT=\"${TARGET_BUILD_DIR}/${CONTENTS_FOLDER_PATH}/Library/LaunchServices/NitcheFanDaemon\"\nDAEMON_PLIST_OUT=\"${TARGET_BUILD_DIR}/${CONTENTS_FOLDER_PATH}/Library/LaunchDaemons/fatihyavuz.Nitche.FanDaemon.v4.plist\"\nmkdir -p \"$(dirname \"$HELPER_OUT\")\" \"$(dirname \"$DAEMON_OUT\")\" \"$(dirname \"$DAEMON_PLIST_OUT\")\"\nxcrun clang \"${SRCROOT}/Tools/NitcheFanTool/main.c\" -framework IOKit -framework CoreFoundation -o \"$HELPER_OUT\"\ncp \"$HELPER_OUT\" \"$DAEMON_OUT\"\ncp \"${SRCROOT}/Tools/NitcheFanTool/fatihyavuz.Nitche.FanDaemon.v4.plist\" \"$DAEMON_PLIST_OUT\"\nif [ \"${CODE_SIGNING_ALLOWED:-NO}\" = \"YES\" ] && [ -n \"${EXPANDED_CODE_SIGN_IDENTITY:-}\" ]; then\n    /usr/bin/codesign --force --sign \"${EXPANDED_CODE_SIGN_IDENTITY}\" --timestamp=none \"$HELPER_OUT\"\n    /usr/bin/codesign --force --sign \"${EXPANDED_CODE_SIGN_IDENTITY}\" --timestamp=none \"$DAEMON_OUT\"\nfi\n";
		};
/* End PBXShellScriptBuildPhase section */

/* Begin PBXSourcesBuildPhase section */
		3D9C5D152F68A95400D34C9D /* Sources */ = {
			isa = PBXSourcesBuildPhase;
			buildActionMask = 2147483647;
			files = (
			);
			runOnlyForDeploymentPostprocessing = 0;
		};
		3D9C5D242F68A95600D34C9D /* Sources */ = {
			isa = PBXSourcesBuildPhase;
			buildActionMask = 2147483647;
			files = (
			);
			runOnlyForDeploymentPostprocessing = 0;
		};
		3D9C5D2E2F68A95600D34C9D /* Sources */ = {
			isa = PBXSourcesBuildPhase;
			buildActionMask = 2147483647;
			files = (
			);
			runOnlyForDeploymentPostprocessing = 0;
		};
/* End PBXSourcesBuildPhase section */

/* Begin PBXTargetDependency section */
		3D9C5D2A2F68A95600D34C9D /* PBXTargetDependency */ = {
			isa = PBXTargetDependency;
			target = 3D9C5D182F68A95400D34C9D /* Nitche */;
			targetProxy = 3D9C5D292F68A95600D34C9D /* PBXContainerItemProxy */;
		};
		3D9C5D342F68A95600D34C9D /* PBXTargetDependency */ = {
			isa = PBXTargetDependency;
			target = 3D9C5D182F68A95400D34C9D /* Nitche */;
			targetProxy = 3D9C5D332F68A95600D34C9D /* PBXContainerItemProxy */;
		};
/* End PBXTargetDependency section */

/* Begin XCBuildConfiguration section */
		3D9C5D3A2F68A95600D34C9D /* Debug */ = {
			isa = XCBuildConfiguration;
			buildSettings = {
				ALWAYS_SEARCH_USER_PATHS = NO;
				ASSETCATALOG_COMPILER_GENERATE_SWIFT_ASSET_SYMBOL_EXTENSIONS = YES;
				CLANG_ANALYZER_NONNULL = YES;
				CLANG_ANALYZER_NUMBER_OBJECT_CONVERSION = YES_AGGRESSIVE;
				CLANG_CXX_LANGUAGE_STANDARD = "gnu++20";
				CLANG_ENABLE_MODULES = YES;
				CLANG_ENABLE_OBJC_ARC = YES;
				CLANG_ENABLE_OBJC_WEAK = YES;
				CLANG_WARN_BLOCK_CAPTURE_AUTORELEASING = YES;
				CLANG_WARN_BOOL_CONVERSION = YES;
				CLANG_WARN_COMMA = YES;
				CLANG_WARN_CONSTANT_CONVERSION = YES;
				CLANG_WARN_DEPRECATED_OBJC_IMPLEMENTATIONS = YES;
				CLANG_WARN_DIRECT_OBJC_ISA_USAGE = YES_ERROR;
				CLANG_WARN_DOCUMENTATION_COMMENTS = YES;
				CLANG_WARN_EMPTY_BODY = YES;
				CLANG_WARN_ENUM_CONVERSION = YES;
				CLANG_WARN_INFINITE_RECURSION = YES;
				CLANG_WARN_INT_CONVERSION = YES;
				CLANG_WARN_NON_LITERAL_NULL_CONVERSION = YES;
				CLANG_WARN_OBJC_IMPLICIT_RETAIN_SELF = YES;
				CLANG_WARN_OBJC_LITERAL_CONVERSION = YES;
				CLANG_WARN_OBJC_ROOT_CLASS = YES_ERROR;
				CLANG_WARN_QUOTED_INCLUDE_IN_FRAMEWORK_HEADER = YES;
				CLANG_WARN_RANGE_LOOP_ANALYSIS = YES;
				CLANG_WARN_STRICT_PROTOTYPES = YES;
				CLANG_WARN_SUSPICIOUS_MOVE = YES;
				CLANG_WARN_UNGUARDED_AVAILABILITY = YES_AGGRESSIVE;
				CLANG_WARN_UNREACHABLE_CODE = YES;
				CLANG_WARN__DUPLICATE_METHOD_MATCH = YES;
				COPY_PHASE_STRIP = NO;
				DEAD_CODE_STRIPPING = YES;
				DEBUG_INFORMATION_FORMAT = dwarf;
				DEVELOPMENT_TEAM = UL9SFF5S2Z;
				ENABLE_STRICT_OBJC_MSGSEND = YES;
				ENABLE_TESTABILITY = YES;
				ENABLE_USER_SCRIPT_SANDBOXING = NO;
				GCC_C_LANGUAGE_STANDARD = gnu17;
				GCC_DYNAMIC_NO_PIC = NO;
				GCC_NO_COMMON_BLOCKS = YES;
				GCC_OPTIMIZATION_LEVEL = 0;
				GCC_PREPROCESSOR_DEFINITIONS = (
					"DEBUG=1",
					"$(inherited)",
				);
				GCC_WARN_64_TO_32_BIT_CONVERSION = YES;
				GCC_WARN_ABOUT_RETURN_TYPE = YES_ERROR;
				GCC_WARN_UNDECLARED_SELECTOR = YES;
				GCC_WARN_UNINITIALIZED_AUTOS = YES_AGGRESSIVE;
				GCC_WARN_UNUSED_FUNCTION = YES;
				GCC_WARN_UNUSED_VARIABLE = YES;
				LOCALIZATION_PREFERS_STRING_CATALOGS = YES;
				MACOSX_DEPLOYMENT_TARGET = 26.2;
				MTL_ENABLE_DEBUG_INFO = INCLUDE_SOURCE;
				MTL_FAST_MATH = YES;
				ONLY_ACTIVE_ARCH = YES;
				SDKROOT = macosx;
				STRING_CATALOG_GENERATE_SYMBOLS = YES;
				SWIFT_ACTIVE_COMPILATION_CONDITIONS = "DEBUG $(inherited)";
				SWIFT_OPTIMIZATION_LEVEL = "-Onone";
			};
			name = Debug;
		};
		3D9C5D3B2F68A95600D34C9D /* Release */ = {
			isa = XCBuildConfiguration;
			buildSettings = {
				ALWAYS_SEARCH_USER_PATHS = NO;
				ASSETCATALOG_COMPILER_GENERATE_SWIFT_ASSET_SYMBOL_EXTENSIONS = YES;
				CLANG_ANALYZER_NONNULL = YES;
				CLANG_ANALYZER_NUMBER_OBJECT_CONVERSION = YES_AGGRESSIVE;
				CLANG_CXX_LANGUAGE_STANDARD = "gnu++20";
				CLANG_ENABLE_MODULES = YES;
				CLANG_ENABLE_OBJC_ARC = YES;
				CLANG_ENABLE_OBJC_WEAK = YES;
				CLANG_WARN_BLOCK_CAPTURE_AUTORELEASING = YES;
				CLANG_WARN_BOOL_CONVERSION = YES;
				CLANG_WARN_COMMA = YES;
				CLANG_WARN_CONSTANT_CONVERSION = YES;
				CLANG_WARN_DEPRECATED_OBJC_IMPLEMENTATIONS = YES;
				CLANG_WARN_DIRECT_OBJC_ISA_USAGE = YES_ERROR;
				CLANG_WARN_DOCUMENTATION_COMMENTS = YES;
				CLANG_WARN_EMPTY_BODY = YES;
				CLANG_WARN_ENUM_CONVERSION = YES;
				CLANG_WARN_INFINITE_RECURSION = YES;
				CLANG_WARN_INT_CONVERSION = YES;
				CLANG_WARN_NON_LITERAL_NULL_CONVERSION = YES;
				CLANG_WARN_OBJC_IMPLICIT_RETAIN_SELF = YES;
				CLANG_WARN_OBJC_LITERAL_CONVERSION = YES;
				CLANG_WARN_OBJC_ROOT_CLASS = YES_ERROR;
				CLANG_WARN_QUOTED_INCLUDE_IN_FRAMEWORK_HEADER = YES;
				CLANG_WARN_RANGE_LOOP_ANALYSIS = YES;
				CLANG_WARN_STRICT_PROTOTYPES = YES;
				CLANG_WARN_SUSPICIOUS_MOVE = YES;
				CLANG_WARN_UNGUARDED_AVAILABILITY = YES_AGGRESSIVE;
				CLANG_WARN_UNREACHABLE_CODE = YES;
				CLANG_WARN__DUPLICATE_METHOD_MATCH = YES;
				COPY_PHASE_STRIP = NO;
				DEAD_CODE_STRIPPING = YES;
				DEBUG_INFORMATION_FORMAT = "dwarf-with-dsym";
				DEVELOPMENT_TEAM = UL9SFF5S2Z;
				ENABLE_NS_ASSERTIONS = NO;
				ENABLE_STRICT_OBJC_MSGSEND = YES;
				ENABLE_USER_SCRIPT_SANDBOXING = NO;
				GCC_C_LANGUAGE_STANDARD = gnu17;
				GCC_NO_COMMON_BLOCKS = YES;
				GCC_WARN_64_TO_32_BIT_CONVERSION = YES;
				GCC_WARN_ABOUT_RETURN_TYPE = YES_ERROR;
				GCC_WARN_UNDECLARED_SELECTOR = YES;
				GCC_WARN_UNINITIALIZED_AUTOS = YES_AGGRESSIVE;
				GCC_WARN_UNUSED_FUNCTION = YES;
				GCC_WARN_UNUSED_VARIABLE = YES;
				LOCALIZATION_PREFERS_STRING_CATALOGS = YES;
				MACOSX_DEPLOYMENT_TARGET = 26.2;
				MTL_ENABLE_DEBUG_INFO = NO;
				MTL_FAST_MATH = YES;
				SDKROOT = macosx;
				STRING_CATALOG_GENERATE_SYMBOLS = YES;
				SWIFT_COMPILATION_MODE = wholemodule;
			};
			name = Release;
		};
		3D9C5D3D2F68A95600D34C9D /* Debug */ = {
			isa = XCBuildConfiguration;
			buildSettings = {
				ASSETCATALOG_COMPILER_APPICON_NAME = AppIcon;
				ASSETCATALOG_COMPILER_GLOBAL_ACCENT_COLOR_NAME = AccentColor;
				CODE_SIGN_ENTITLEMENTS = Nitche/Nitche.entitlements;
				CODE_SIGN_STYLE = Automatic;
				COMBINE_HIDPI_IMAGES = YES;
				CURRENT_PROJECT_VERSION = 1;
				DEAD_CODE_STRIPPING = YES;
				DEVELOPMENT_TEAM = UL9SFF5S2Z;
				ENABLE_APP_SANDBOX = NO;
				ENABLE_HARDENED_RUNTIME = YES;
				ENABLE_PREVIEWS = YES;
				ENABLE_USER_SELECTED_FILES = readonly;
				GENERATE_INFOPLIST_FILE = YES;
				INFOPLIST_KEY_NSAccessibilityUsageDescription = "Nitche needs Accessibility access to read Spotify queue items and press Spotify controls inside the notch.";
				INFOPLIST_KEY_NSAppleEventsUsageDescription = "Nitche needs permission to control Music and Spotify playback from the notch.";
				INFOPLIST_KEY_NSCameraUsageDescription = "Nitche needs camera access to show the camera preview inside the notch.";
				INFOPLIST_KEY_NSCameraUseContinuityCameraDeviceType = YES;
				INFOPLIST_KEY_NSHumanReadableCopyright = "";
				LD_RUNPATH_SEARCH_PATHS = (
					"$(inherited)",
					"@executable_path/../Frameworks",
				);
				MARKETING_VERSION = 1.0;
				PRODUCT_BUNDLE_IDENTIFIER = fatihyavuz.Nitche;
				PRODUCT_NAME = "$(TARGET_NAME)";
				REGISTER_APP_GROUPS = YES;
				STRING_CATALOG_GENERATE_SYMBOLS = YES;
				SWIFT_APPROACHABLE_CONCURRENCY = YES;
				SWIFT_DEFAULT_ACTOR_ISOLATION = MainActor;
				SWIFT_EMIT_LOC_STRINGS = YES;
				SWIFT_UPCOMING_FEATURE_MEMBER_IMPORT_VISIBILITY = YES;
				SWIFT_VERSION = 5.0;
			};
			name = Debug;
		};
		3D9C5D3E2F68A95600D34C9D /* Release */ = {
			isa = XCBuildConfiguration;
			buildSettings = {
				ASSETCATALOG_COMPILER_APPICON_NAME = AppIcon;
				ASSETCATALOG_COMPILER_GLOBAL_ACCENT_COLOR_NAME = AccentColor;
				CODE_SIGN_ENTITLEMENTS = Nitche/Nitche.entitlements;
				CODE_SIGN_STYLE = Automatic;
				COMBINE_HIDPI_IMAGES = YES;
				CURRENT_PROJECT_VERSION = 1;
				DEAD_CODE_STRIPPING = YES;
				DEVELOPMENT_TEAM = UL9SFF5S2Z;
				ENABLE_APP_SANDBOX = NO;
				ENABLE_HARDENED_RUNTIME = YES;
				ENABLE_PREVIEWS = YES;
				ENABLE_USER_SELECTED_FILES = readonly;
				GENERATE_INFOPLIST_FILE = YES;
				INFOPLIST_KEY_NSAccessibilityUsageDescription = "Nitche needs Accessibility access to read Spotify queue items and press Spotify controls inside the notch.";
				INFOPLIST_KEY_NSAppleEventsUsageDescription = "Nitche needs permission to control Music and Spotify playback from the notch.";
				INFOPLIST_KEY_NSCameraUsageDescription = "Nitche needs camera access to show the camera preview inside the notch.";
				INFOPLIST_KEY_NSCameraUseContinuityCameraDeviceType = YES;
				INFOPLIST_KEY_NSHumanReadableCopyright = "";
				LD_RUNPATH_SEARCH_PATHS = (
					"$(inherited)",
					"@executable_path/../Frameworks",
				);
				MARKETING_VERSION = 1.0;
				PRODUCT_BUNDLE_IDENTIFIER = fatihyavuz.Nitche;
				PRODUCT_NAME = "$(TARGET_NAME)";
				REGISTER_APP_GROUPS = YES;
				STRING_CATALOG_GENERATE_SYMBOLS = YES;
				SWIFT_APPROACHABLE_CONCURRENCY = YES;
				SWIFT_DEFAULT_ACTOR_ISOLATION = MainActor;
				SWIFT_EMIT_LOC_STRINGS = YES;
				SWIFT_UPCOMING_FEATURE_MEMBER_IMPORT_VISIBILITY = YES;
				SWIFT_VERSION = 5.0;
			};
			name = Release;
		};
		3D9C5D402F68A95600D34C9D /* Debug */ = {
			isa = XCBuildConfiguration;
			buildSettings = {
				BUNDLE_LOADER = "$(TEST_HOST)";
				CODE_SIGN_STYLE = Automatic;
				CURRENT_PROJECT_VERSION = 1;
				DEAD_CODE_STRIPPING = YES;
				DEVELOPMENT_TEAM = UL9SFF5S2Z;
				GENERATE_INFOPLIST_FILE = YES;
				MACOSX_DEPLOYMENT_TARGET = 26.2;
				MARKETING_VERSION = 1.0;
				PRODUCT_BUNDLE_IDENTIFIER = fatihyavuz.NitcheTests;
				PRODUCT_NAME = "$(TARGET_NAME)";
				STRING_CATALOG_GENERATE_SYMBOLS = NO;
				SWIFT_APPROACHABLE_CONCURRENCY = YES;
				SWIFT_EMIT_LOC_STRINGS = NO;
				SWIFT_UPCOMING_FEATURE_MEMBER_IMPORT_VISIBILITY = YES;
				SWIFT_VERSION = 5.0;
				TEST_HOST = "$(BUILT_PRODUCTS_DIR)/Nitche.app/$(BUNDLE_EXECUTABLE_FOLDER_PATH)/Nitche";
			};
			name = Debug;
		};
		3D9C5D412F68A95600D34C9D /* Release */ = {
			isa = XCBuildConfiguration;
			buildSettings = {
				BUNDLE_LOADER = "$(TEST_HOST)";
				CODE_SIGN_STYLE = Automatic;
				CURRENT_PROJECT_VERSION = 1;
				DEAD_CODE_STRIPPING = YES;
				DEVELOPMENT_TEAM = UL9SFF5S2Z;
				GENERATE_INFOPLIST_FILE = YES;
				MACOSX_DEPLOYMENT_TARGET = 26.2;
				MARKETING_VERSION = 1.0;
				PRODUCT_BUNDLE_IDENTIFIER = fatihyavuz.NitcheTests;
				PRODUCT_NAME = "$(TARGET_NAME)";
				STRING_CATALOG_GENERATE_SYMBOLS = NO;
				SWIFT_APPROACHABLE_CONCURRENCY = YES;
				SWIFT_EMIT_LOC_STRINGS = NO;
				SWIFT_UPCOMING_FEATURE_MEMBER_IMPORT_VISIBILITY = YES;
				SWIFT_VERSION = 5.0;
				TEST_HOST = "$(BUILT_PRODUCTS_DIR)/Nitche.app/$(BUNDLE_EXECUTABLE_FOLDER_PATH)/Nitche";
			};
			name = Release;
		};
		3D9C5D432F68A95600D34C9D /* Debug */ = {
			isa = XCBuildConfiguration;
			buildSettings = {
				CODE_SIGN_STYLE = Automatic;
				CURRENT_PROJECT_VERSION = 1;
				DEAD_CODE_STRIPPING = YES;
				DEVELOPMENT_TEAM = UL9SFF5S2Z;
				GENERATE_INFOPLIST_FILE = YES;
				MARKETING_VERSION = 1.0;
				PRODUCT_BUNDLE_IDENTIFIER = fatihyavuz.NitcheUITests;
				PRODUCT_NAME = "$(TARGET_NAME)";
				STRING_CATALOG_GENERATE_SYMBOLS = NO;
				SWIFT_APPROACHABLE_CONCURRENCY = YES;
				SWIFT_EMIT_LOC_STRINGS = NO;
				SWIFT_UPCOMING_FEATURE_MEMBER_IMPORT_VISIBILITY = YES;
				SWIFT_VERSION = 5.0;
				TEST_TARGET_NAME = Nitche;
			};
			name = Debug;
		};
		3D9C5D442F68A95600D34C9D /* Release */ = {
			isa = XCBuildConfiguration;
			buildSettings = {
				CODE_SIGN_STYLE = Automatic;
				CURRENT_PROJECT_VERSION = 1;
				DEAD_CODE_STRIPPING = YES;
				DEVELOPMENT_TEAM = UL9SFF5S2Z;
				GENERATE_INFOPLIST_FILE = YES;
				MARKETING_VERSION = 1.0;
				PRODUCT_BUNDLE_IDENTIFIER = fatihyavuz.NitcheUITests;
				PRODUCT_NAME = "$(TARGET_NAME)";
				STRING_CATALOG_GENERATE_SYMBOLS = NO;
				SWIFT_APPROACHABLE_CONCURRENCY = YES;
				SWIFT_EMIT_LOC_STRINGS = NO;
				SWIFT_UPCOMING_FEATURE_MEMBER_IMPORT_VISIBILITY = YES;
				SWIFT_VERSION = 5.0;
				TEST_TARGET_NAME = Nitche;
			};
			name = Release;
		};
/* End XCBuildConfiguration section */

/* Begin XCConfigurationList section */
		3D9C5D142F68A95400D34C9D /* Build configuration list for PBXProject "Nitche" */ = {
			isa = XCConfigurationList;
			buildConfigurations = (
				3D9C5D3A2F68A95600D34C9D /* Debug */,
				3D9C5D3B2F68A95600D34C9D /* Release */,
			);
			defaultConfigurationIsVisible = 0;
			defaultConfigurationName = Release;
		};
		3D9C5D3C2F68A95600D34C9D /* Build configuration list for PBXNativeTarget "Nitche" */ = {
			isa = XCConfigurationList;
			buildConfigurations = (
				3D9C5D3D2F68A95600D34C9D /* Debug */,
				3D9C5D3E2F68A95600D34C9D /* Release */,
			);
			defaultConfigurationIsVisible = 0;
			defaultConfigurationName = Release;
		};
		3D9C5D3F2F68A95600D34C9D /* Build configuration list for PBXNativeTarget "NitcheTests" */ = {
			isa = XCConfigurationList;
			buildConfigurations = (
				3D9C5D402F68A95600D34C9D /* Debug */,
				3D9C5D412F68A95600D34C9D /* Release */,
			);
			defaultConfigurationIsVisible = 0;
			defaultConfigurationName = Release;
		};
		3D9C5D422F68A95600D34C9D /* Build configuration list for PBXNativeTarget "NitcheUITests" */ = {
			isa = XCConfigurationList;
			buildConfigurations = (
				3D9C5D432F68A95600D34C9D /* Debug */,
				3D9C5D442F68A95600D34C9D /* Release */,
			);
			defaultConfigurationIsVisible = 0;
			defaultConfigurationName = Release;
		};
/* End XCConfigurationList section */
	};
	rootObject = 3D9C5D112F68A95400D34C9D /* Project object */;
}
